
Microsoft Visual Studio Solution File, Format Version 12.00
# Visual Studio 15
VisualStudioVersion = 15.0.26114.2
MinimumVisualStudioVersion = 10.0.40219.1
Project("{2150E333-8FDC-42A3-9474-1A3956D46DE8}") = "src", "src", "{469A828A-38A9-47E4-88B3-326A06DF91E9}"
EndProject
Project("{2150E333-8FDC-42A3-9474-1A3956D46DE8}") = "tests", "tests", "{CAA87EA8-D45F-4C96-BEE5-C6AE433DBF3B}"
EndProject
Project("{FAE04EC0-301F-11D3-BF4B-00C04F79EFBC}") = "cafe", "src\cafe\cafe.csproj", "{CB759382-656F-4590-9EB7-EAAD5C40AFE9}"
EndProject
Project("{2150E333-8FDC-42A3-9474-1A3956D46DE8}") = "solution", "solution", "{0EE1B77E-2913-46A7-B95F-756FB1724D69}"
	ProjectSection(SolutionItems) = preProject
		README.md = README.md
		TODO.md = TODO.md
		build.cake = build.cake
		build.ps1 = build.ps1
	EndProjectSection
EndProject
Project("{FAE04EC0-301F-11D3-BF4B-00C04F79EFBC}") = "cafe.Test", "test\cafe.Test\cafe.Test.csproj", "{1131AAB9-3EBD-4C0F-B3FE-067E45B51FC9}"
EndProject
Project("{FAE04EC0-301F-11D3-BF4B-00C04F79EFBC}") = "cafe.IntegrationTest", "test\cafe.IntegrationTest\cafe.IntegrationTest.csproj", "{A211CEE8-747D-4149-8CBA-385AA3F994BB}"
EndProject
Project("{9D1B732F-CAE8-4B24-A2C7-F928DAA33C06}") = "cafe.Updater", "src\cafe.Updater\cafe.Updater.csproj", "{100C24AE-30EB-4EE5-A856-C335B7D8868A}"
EndProject
Project("{4422FE0B-623B-428B-8CCD-5722413B162C}") = "cafe.CommandLine", "src\cafe.CommandLine\cafe.CommandLine.csproj", "{2564C238-AAD2-402A-9A18-B83FD36F3BF5}"
EndProject
Project("{07CD08B4-4789-414B-93E1-0F276B0B825C}") = "cafe.CommandLine.Test", "tests\cafe.CommandLine.Test\cafe.CommandLine.Test.csproj", "{C53286A1-FCD9-4642-B91F-87B2C6E35AB5}"
EndProject
Global
	GlobalSection(SolutionConfigurationPlatforms) = preSolution
		Debug|Any CPU = Debug|Any CPU
		Release|Any CPU = Release|Any CPU
	EndGlobalSection
	GlobalSection(ProjectConfigurationPlatforms) = postSolution
		{970D2286-F808-4093-A6D3-66870C271D31}.Debug|Any CPU.ActiveCfg = Debug|Any CPU
		{970D2286-F808-4093-A6D3-66870C271D31}.Debug|Any CPU.Build.0 = Debug|Any CPU
		{970D2286-F808-4093-A6D3-66870C271D31}.Release|Any CPU.ActiveCfg = Release|Any CPU
		{970D2286-F808-4093-A6D3-66870C271D31}.Release|Any CPU.Build.0 = Release|Any CPU
		{CB759382-656F-4590-9EB7-EAAD5C40AFE9}.Debug|Any CPU.ActiveCfg = Debug|Any CPU
		{CB759382-656F-4590-9EB7-EAAD5C40AFE9}.Debug|Any CPU.Build.0 = Debug|Any CPU
		{CB759382-656F-4590-9EB7-EAAD5C40AFE9}.Release|Any CPU.ActiveCfg = Release|Any CPU
		{CB759382-656F-4590-9EB7-EAAD5C40AFE9}.Release|Any CPU.Build.0 = Release|Any CPU
		{1131AAB9-3EBD-4C0F-B3FE-067E45B51FC9}.Debug|Any CPU.ActiveCfg = Debug|Any CPU
		{1131AAB9-3EBD-4C0F-B3FE-067E45B51FC9}.Debug|Any CPU.Build.0 = Debug|Any CPU
		{1131AAB9-3EBD-4C0F-B3FE-067E45B51FC9}.Release|Any CPU.ActiveCfg = Release|Any CPU
		{1131AAB9-3EBD-4C0F-B3FE-067E45B51FC9}.Release|Any CPU.Build.0 = Release|Any CPU
		{A211CEE8-747D-4149-8CBA-385AA3F994BB}.Debug|Any CPU.ActiveCfg = Debug|Any CPU
		{A211CEE8-747D-4149-8CBA-385AA3F994BB}.Debug|Any CPU.Build.0 = Debug|Any CPU
		{A211CEE8-747D-4149-8CBA-385AA3F994BB}.Release|Any CPU.ActiveCfg = Release|Any CPU
		{A211CEE8-747D-4149-8CBA-385AA3F994BB}.Release|Any CPU.Build.0 = Release|Any CPU
		{100C24AE-30EB-4EE5-A856-C335B7D8868A}.Debug|Any CPU.ActiveCfg = Debug|Any CPU
		{100C24AE-30EB-4EE5-A856-C335B7D8868A}.Debug|Any CPU.Build.0 = Debug|Any CPU
		{100C24AE-30EB-4EE5-A856-C335B7D8868A}.Release|Any CPU.ActiveCfg = Release|Any CPU
		{100C24AE-30EB-4EE5-A856-C335B7D8868A}.Release|Any CPU.Build.0 = Release|Any CPU
		{2564C238-AAD2-402A-9A18-B83FD36F3BF5}.Debug|Any CPU.ActiveCfg = Debug|Any CPU
		{2564C238-AAD2-402A-9A18-B83FD36F3BF5}.Debug|Any CPU.Build.0 = Debug|Any CPU
		{2564C238-AAD2-402A-9A18-B83FD36F3BF5}.Release|Any CPU.ActiveCfg = Release|Any CPU
		{2564C238-AAD2-402A-9A18-B83FD36F3BF5}.Release|Any CPU.Build.0 = Release|Any CPU
		{C53286A1-FCD9-4642-B91F-87B2C6E35AB5}.Debug|Any CPU.ActiveCfg = Debug|Any CPU
		{C53286A1-FCD9-4642-B91F-87B2C6E35AB5}.Debug|Any CPU.Build.0 = Debug|Any CPU
		{C53286A1-FCD9-4642-B91F-87B2C6E35AB5}.Release|Any CPU.ActiveCfg = Release|Any CPU
		{C53286A1-FCD9-4642-B91F-87B2C6E35AB5}.Release|Any CPU.Build.0 = Release|Any CPU
	EndGlobalSection
	GlobalSection(SolutionProperties) = preSolution
		HideSolutionNode = FALSE
	EndGlobalSection
	GlobalSection(NestedProjects) = preSolution
		{CB759382-656F-4590-9EB7-EAAD5C40AFE9} = {469A828A-38A9-47E4-88B3-326A06DF91E9}
		{1131AAB9-3EBD-4C0F-B3FE-067E45B51FC9} = {CAA87EA8-D45F-4C96-BEE5-C6AE433DBF3B}
		{A211CEE8-747D-4149-8CBA-385AA3F994BB} = {CAA87EA8-D45F-4C96-BEE5-C6AE433DBF3B}
		{100C24AE-30EB-4EE5-A856-C335B7D8868A} = {469A828A-38A9-47E4-88B3-326A06DF91E9}
		{2564C238-AAD2-402A-9A18-B83FD36F3BF5} = {469A828A-38A9-47E4-88B3-326A06DF91E9}
		{C53286A1-FCD9-4642-B91F-87B2C6E35AB5} = {CAA87EA8-D45F-4C96-BEE5-C6AE433DBF3B}
	EndGlobalSection
EndGlobal
